
Microsoft Visual Studio Solution File, Format Version 12.00
# Visual Studio Version 16
VisualStudioVersion = 16.0.31025.218
MinimumVisualStudioVersion = 10.0.40219.1
Project("{FAE04EC0-301F-11D3-BF4B-00C04F79EFBC}") = "mlnetWeatherForecasterWebAPI", "mlnetWeatherForecasterWebAPI\mlnetWeatherForecasterWebAPI.csproj", "{D02B91A2-3028-461D-90D6-27C74C631DEF}"
EndProject
Global
	GlobalSection(SolutionConfigurationPlatforms) = preSolution
		Debug|Any CPU = Debug|Any CPU
		Release|Any CPU = Release|Any CPU
	EndGlobalSection
	GlobalSection(ProjectConfigurationPlatforms) = postSolution
		{D02B91A2-3028-461D-90D6-27C74C631DEF}.Debug|Any CPU.ActiveCfg = Debug|Any CPU
		{D02B91A2-3028-461D-90D6-27C74C631DEF}.Debug|Any CPU.Build.0 = Debug|Any CPU
		{D02B91A2-3028-461D-90D6-27C74C631DEF}.Release|Any CPU.ActiveCfg = Release|Any CPU
		{D02B91A2-3028-461D-90D6-27C74C631DEF}.Release|Any CPU.Build.0 = Release|Any CPU
	EndGlobalSection
	GlobalSection(SolutionProperties) = preSolution
		HideSolutionNode = FALSE
	EndGlobalSection
	GlobalSection(ExtensibilityGlobals) = postSolution
		SolutionGuid = {3A45D97E-1C6A-4FCA-B876-60BD6B576595}
	EndGlobalSection
EndGlobal
